{
  "projects": [
    {
      "projectId": "7nJ7UcFmq9UzB6eXfC5z4a",
      "branchName": "main",
      "version": "0.6.0",
      "dependencies": {},
      "lang": "js",
      "fileLocks": [
        {
          "assetId": "7nJ7UcFmq9UzB6eXfC5z4a",
          "type": "projectCss",
          "checksum": "27ff92c469db18011be32216514596d3"
        }
      ],
      "codegenVersion": "0.0.1"
    },
    {
      "projectId": "6BxTEj8a9DknNCNNoYZBh2",
      "branchName": "main",
      "version": "latest",
      "dependencies": {
        "7nJ7UcFmq9UzB6eXfC5z4a": "0.6.0"
      },
      "lang": "js",
      "fileLocks": [
        {
          "type": "globalVariant",
          "assetId": "th_e8Y2ycRk68",
          "checksum": "9f26566d9f100484e80e62f5fd61c203"
        },
        {
          "type": "renderModule",
          "assetId": "Q02BPDEaR2zsO",
          "checksum": "fd2680ac24d971f5cb59743b1642e445"
        },
        {
          "type": "cssRules",
          "assetId": "Q02BPDEaR2zsO",
          "checksum": "fd2680ac24d971f5cb59743b1642e445"
        },
        {
          "type": "renderModule",
          "assetId": "7wwCi6-Suo1Uq",
          "checksum": "c991e8d1c28a17c29a1eb5c38c7cb931"
        },
        {
          "type": "cssRules",
          "assetId": "7wwCi6-Suo1Uq",
          "checksum": "c991e8d1c28a17c29a1eb5c38c7cb931"
        },
        {
          "type": "renderModule",
          "assetId": "-K1kSmrrn58pG",
          "checksum": "1468db1894eaac29b5832609e5a154e1"
        },
        {
          "type": "cssRules",
          "assetId": "-K1kSmrrn58pG",
          "checksum": "1468db1894eaac29b5832609e5a154e1"
        },
        {
          "type": "renderModule",
          "assetId": "WnBdUS-sUNaTG",
          "checksum": "e0c5d860e3834805ba6fd44c1be95302"
        },
        {
          "type": "cssRules",
          "assetId": "WnBdUS-sUNaTG",
          "checksum": "e0c5d860e3834805ba6fd44c1be95302"
        },
        {
          "type": "renderModule",
          "assetId": "FzqZs6fxePSGr",
          "checksum": "94d4074895c4117ab1eb3dfb7e4a0c86"
        },
        {
          "type": "cssRules",
          "assetId": "FzqZs6fxePSGr",
          "checksum": "94d4074895c4117ab1eb3dfb7e4a0c86"
        },
        {
          "type": "renderModule",
          "assetId": "Rw-Yyawxee0id",
          "checksum": "4990fe6a50fcec41dd0a6ed131b94664"
        },
        {
          "type": "cssRules",
          "assetId": "Rw-Yyawxee0id",
          "checksum": "4990fe6a50fcec41dd0a6ed131b94664"
        },
        {
          "type": "renderModule",
          "assetId": "ToRS-JRFNrILS",
          "checksum": "06fe651adcc6f598b195a52615ce0008"
        },
        {
          "type": "cssRules",
          "assetId": "ToRS-JRFNrILS",
          "checksum": "06fe651adcc6f598b195a52615ce0008"
        },
        {
          "type": "renderModule",
          "assetId": "w7jnxs7NParPr",
          "checksum": "012b3873d9aa769de5013af2aba87674"
        },
        {
          "type": "cssRules",
          "assetId": "w7jnxs7NParPr",
          "checksum": "012b3873d9aa769de5013af2aba87674"
        },
        {
          "type": "icon",
          "assetId": "WBvPjAIlJC7pT",
          "checksum": "294497a15d67e97ad229ec960a2a114c"
        },
        {
          "type": "icon",
          "assetId": "t3Rrjdgpz_PAz",
          "checksum": "9ddba1d73283f4e074e510297439f955"
        },
        {
          "type": "icon",
          "assetId": "POHfpwoolI-Er",
          "checksum": "ea58a72856937604707155ce7f4cf7a2"
        },
        {
          "type": "icon",
          "assetId": "dP09ACFpRc0Q5",
          "checksum": "5ed655e333c5cc5e7d5f321d1d321fee"
        },
        {
          "type": "icon",
          "assetId": "Z5Lha8fj2Oiky",
          "checksum": "b9a17741224790d5e5cda663265b72eb"
        },
        {
          "type": "icon",
          "assetId": "uUd0PCcsA0OIk",
          "checksum": "043cff9c6ef9b401aedff80301397245"
        },
        {
          "type": "icon",
          "assetId": "N6i3zxA8VciKX",
          "checksum": "4de4f1974d3d2c5a51189aa490f2d0b5"
        },
        {
          "type": "icon",
          "assetId": "Rov_0K0TTiwQJ",
          "checksum": "23d125ff655d8a1797d678908c92fc67"
        },
        {
          "type": "icon",
          "assetId": "LaZUDAcr27TKo",
          "checksum": "a609fbcbef9a75884c5f8e393e4a7448"
        },
        {
          "type": "icon",
          "assetId": "dFf-R-qD1_tEo",
          "checksum": "5d730b2a65f6b43198ed115d5838b2d9"
        },
        {
          "type": "image",
          "assetId": "h2wGDEiaQzeKU",
          "checksum": "536eb4c9ed243c0fccbd99a054f432a1"
        },
        {
          "type": "image",
          "assetId": "YarVy156azrxY",
          "checksum": "a4e8d1aba655d559cdf77a4aa2ce380f"
        },
        {
          "type": "image",
          "assetId": "PXB2iU_NwXPYA",
          "checksum": "c2a3b65c61a9069748307b5fe8286d4b"
        },
        {
          "type": "image",
          "assetId": "h7-VaX91iO7Ic",
          "checksum": "ede3272c86434dcadc1b1124b00b15bb"
        },
        {
          "type": "image",
          "assetId": "V1vS_nAmWHXkQ",
          "checksum": "2d49b5a4dde9c7c0856abead0a894563"
        },
        {
          "type": "image",
          "assetId": "cA1jZ_icI9w1V",
          "checksum": "406ba9ce40a1fd2ccfc7d65ddfca4333"
        },
        {
          "type": "image",
          "assetId": "9frWZIlxyEODK",
          "checksum": "8cb1b6e6e0b142ecc5e5f2e824332c3c"
        },
        {
          "type": "image",
          "assetId": "uPkPSBxiJ5-CH",
          "checksum": "8c289414aed6abc708ea15ad8eb46da5"
        },
        {
          "type": "image",
          "assetId": "Fp19lEzXbqn-B",
          "checksum": "ed0af23093dc9adb73cd7f33ed9c6d51"
        },
        {
          "type": "image",
          "assetId": "lczZRht-P1eyF",
          "checksum": "7b06026db7eeef8561518931e3353286"
        },
        {
          "type": "image",
          "assetId": "7TrLFHVMOUQUe",
          "checksum": "b643ebd8224a7cb46fd4106ce681c133"
        },
        {
          "type": "image",
          "assetId": "MyQO_64ngN_45",
          "checksum": "4ee6af995d92d26de733b8088fa7e595"
        },
        {
          "type": "image",
          "assetId": "w1-QENs3naptb",
          "checksum": "10e7acd0606a17595c6ac115a2fbfb21"
        },
        {
          "type": "image",
          "assetId": "BVzCRPiN9eF2-",
          "checksum": "72ec9cb1953c195a34cfa283e56ff2f4"
        },
        {
          "type": "image",
          "assetId": "spcEXhmkXT-Yc",
          "checksum": "b8c668065a485d96adb44d2acf734b9a"
        },
        {
          "type": "image",
          "assetId": "nhsH9nxht9xy8",
          "checksum": "d623de54247e43393456dde2fed4dd1e"
        },
        {
          "type": "image",
          "assetId": "2HJNjZ5McGH-o",
          "checksum": "da491aa47c1cb7774691469a19cbb106"
        },
        {
          "type": "image",
          "assetId": "IMG0SEPcer9tl",
          "checksum": "33db683a7f31e0a9f7cc9ce3f849c948"
        },
        {
          "type": "image",
          "assetId": "tx3wmtXZB2gR5",
          "checksum": "084e1359d025978a452c2157e8fc2823"
        },
        {
          "type": "image",
          "assetId": "SBNTuDhB5niTs",
          "checksum": "3db1eeeb6089dda51ab6175f593e1f45"
        },
        {
          "type": "image",
          "assetId": "qubXxzefUV5PT",
          "checksum": "d680b0495e2150b351774e53af7126d3"
        },
        {
          "type": "image",
          "assetId": "rum5D36VG3PTf",
          "checksum": "79658ad717cb4d6079431bfe0cb5f3e0"
        },
        {
          "type": "image",
          "assetId": "KJlOybOqQl-eM",
          "checksum": "a3db5c44eaf256538ebc4c716b1e67c3"
        },
        {
          "type": "image",
          "assetId": "sMs7dM5StYCmY",
          "checksum": "7af8e4a4d34948127a4fa1ea44db14d1"
        },
        {
          "type": "image",
          "assetId": "d1ar_MuJMH_N8",
          "checksum": "a27f6725b9b8260a495c0f216fa1b12b"
        },
        {
          "type": "image",
          "assetId": "j4BOSZaGKj9NQ",
          "checksum": "2939b44c7f1cfd64070d394f12d41095"
        },
        {
          "type": "image",
          "assetId": "O7oPgmik29C0e",
          "checksum": "127174def43d95ecc4839f165aa4fa53"
        },
        {
          "type": "image",
          "assetId": "sbXXjiwbxXDlc",
          "checksum": "f73b11bd2350642760208abc11e14708"
        },
        {
          "type": "image",
          "assetId": "jY1-pzwLakGZz",
          "checksum": "b8fb76c9e174f7c62a9606782d61d26c"
        },
        {
          "type": "image",
          "assetId": "H8JTQY1ZzUAnO",
          "checksum": "ea08e852bdfb90cd77c0d81a412935e2"
        },
        {
          "type": "image",
          "assetId": "p4Z65VEuFqtbl",
          "checksum": "6b3c1ee0c9655c24409ce09d20588c2c"
        },
        {
          "type": "image",
          "assetId": "uGPymCEDs3B7F",
          "checksum": "052d5803122d8cf1219dea422df1b0ba"
        },
        {
          "type": "image",
          "assetId": "nPyKswYJBpGLD",
          "checksum": "dc0db2d60b40996249b721a06b168710"
        },
        {
          "type": "image",
          "assetId": "lYlPzOdiUxa9I",
          "checksum": "4c8be10a6008020eb038154e96c466d9"
        },
        {
          "type": "image",
          "assetId": "L53tytxZ2HT3D",
          "checksum": "da534379bc33ee175d95e135fa4a3e8e"
        },
        {
          "type": "image",
          "assetId": "oBzmLV3iW9bKi",
          "checksum": "6ac81162f91c79a03ab48baaa666d11b"
        },
        {
          "type": "image",
          "assetId": "tcyceCvJObkUt",
          "checksum": "481a3dc699aeb7293bc08e7938142f17"
        },
        {
          "type": "image",
          "assetId": "MVbQbwDmttXnU",
          "checksum": "7bdb5d32b1d4d86f71a86058dbeb61db"
        },
        {
          "type": "image",
          "assetId": "SJI4KNTIvTpy9",
          "checksum": "bbaa26b99de856721b6af666277eb40f"
        },
        {
          "type": "image",
          "assetId": "p3k5ZMMGxIvUj",
          "checksum": "7ee2796a335ba5f2bbe7f9c93d420758"
        },
        {
          "type": "image",
          "assetId": "4W1FpD_e578b3",
          "checksum": "de279918466637e5518847e75050f3f4"
        },
        {
          "assetId": "6BxTEj8a9DknNCNNoYZBh2",
          "type": "projectCss",
          "checksum": "1d12b114d2cf7c14109852f934f3c801"
        }
      ],
      "codegenVersion": "0.0.1"
    }
  ],
  "cliVersion": "0.1.188"
}
